github.com/ewangplay/serval/io v0.0.0-20220707065529-4259472a1d2b h1:HBym7h7f+KKL+1mwj085WRGHaWd0qcvME3CsbJWyDto=
github.com/ewangplay/serval/io v0.0.0-20220707065529-4259472a1d2b/go.mod h1:lOk5UTaWPLoPTHLInMQSDXUIAflnCVfAoYoE/AL0XiI=
github.com/ewangplay/serval/io v0.0.0-20220708082908-97367d7c4111 h1:gkcJV/hH6lZKDNcUbWw23PHPc/nqqFxvPDIZoRuTqdc=
github.com/ewangplay/serval/io v0.0.0-20220708082908-97367d7c4111/go.mod h1:lOk5UTaWPLoPTHLInMQSDXUIAflnCVfAoYoE/AL0XiI=
